<?xml version="1.0" encoding="utf-8"?>
<Project ToolsVersion="4.0" xmlns="http://schemas.microsoft.com/developer/msbuild/2003">
  <ItemGroup>
    <Filter Include="Network">
      <UniqueIdentifier>{f3ad75f7-0137-4be1-9b43-b55427646a11}</UniqueIdentifier>
    </Filter>
    <Filter Include="Utility">
      <UniqueIdentifier>{6a5f9fbe-a2f6-44fa-8a93-173404f4588d}</UniqueIdentifier>
    </Filter>
    <Filter Include="Business">
      <UniqueIdentifier>{861f90a0-2245-4121-8332-c7e6e7766ada}</UniqueIdentifier>
    </Filter>
    <Filter Include="Protocol">
      <UniqueIdentifier>{35a06163-5e9f-42ea-8a9f-01eaca39e129}</UniqueIdentifier>
    </Filter>
  </ItemGroup>
  <ItemGroup>
    <ClCompile Include="main.cpp" />
    <ClCompile Include="..\Common\Src\Network\BasicData.cpp">
      <Filter>Network</Filter>
    </ClCompile>
    <ClCompile Include="..\Common\Src\Network\NetworkManager.cpp">
      <Filter>Network</Filter>
    </ClCompile>
    <ClCompile Include="..\Common\Src\Utility\Debug.cpp">
      <Filter>Utility</Filter>
    </ClCompile>
    <ClCompile Include="Src\LobbyHub.cpp">
      <Filter>Business</Filter>
    </ClCompile>
    <ClCompile Include="..\Common\Src\Protocol\LobbyServerProtocol.cpp">
      <Filter>Protocol</Filter>
    </ClCompile>
  </ItemGroup>
  <ItemGroup>
    <ClInclude Include="..\Common\Include\Network\BasicData.h">
      <Filter>Network</Filter>
    </ClInclude>
    <ClInclude Include="..\Common\Include\Network\Networkmanager.h">
      <Filter>Network</Filter>
    </ClInclude>
    <ClInclude Include="..\Common\Include\Utility\Debug.h">
      <Filter>Utility</Filter>
    </ClInclude>
    <ClInclude Include="..\Common\Include\Utility\LockFreeCircleQueue.h">
      <Filter>Utility</Filter>
    </ClInclude>
    <ClInclude Include="Include\LobbyHub.h">
      <Filter>Business</Filter>
    </ClInclude>
    <ClInclude Include="..\Common\Include\Protocol\Job.h">
      <Filter>Protocol</Filter>
    </ClInclude>
    <ClInclude Include="..\Common\Include\Protocol\SERVER_PROTOCOL_generated.h">
      <Filter>Protocol</Filter>
    </ClInclude>
    <ClInclude Include="..\Common\Include\Protocol\LobbyServerProtocol.h">
      <Filter>Protocol</Filter>
    </ClInclude>
  </ItemGroup>
</Project>