<?xml version="1.0" encoding="utf-8"?>
<Project ToolsVersion="4.0" xmlns="http://schemas.microsoft.com/developer/msbuild/2003">
  <ItemGroup>
    <ClCompile Include="main.cpp" />
    <ClCompile Include="..\Common\Src\Network\BasicData.cpp">
      <Filter>Network</Filter>
    </ClCompile>
    <ClCompile Include="..\Common\Src\Network\NetworkManager.cpp">
      <Filter>Network</Filter>
    </ClCompile>
    <ClCompile Include="..\Common\Src\Network\Worker.cpp">
      <Filter>Network</Filter>
    </ClCompile>
    <ClCompile Include="Src\Business\ServerControlCenter.cpp">
      <Filter>Business</Filter>
    </ClCompile>
    <ClCompile Include="Src\Business\LobbyServer.cpp">
      <Filter>Business</Filter>
    </ClCompile>
  </ItemGroup>
  <ItemGroup>
    <Filter Include="Network">
      <UniqueIdentifier>{9055eba9-ca82-4e6a-b0c0-b3e866f536c4}</UniqueIdentifier>
    </Filter>
    <Filter Include="Utility">
      <UniqueIdentifier>{4d3852b6-f3ee-46d2-8487-d66d361286db}</UniqueIdentifier>
    </Filter>
    <Filter Include="Business">
      <UniqueIdentifier>{e31fa63c-6cb6-4446-a9e7-fa599234a9cc}</UniqueIdentifier>
    </Filter>
  </ItemGroup>
  <ItemGroup>
    <ClInclude Include="..\Common\Include\Network\BasicData.h">
      <Filter>Network</Filter>
    </ClInclude>
    <ClInclude Include="..\Common\Include\Network\Networkmanager.h">
      <Filter>Network</Filter>
    </ClInclude>
    <ClInclude Include="..\Common\Include\Network\Worker.h">
      <Filter>Network</Filter>
    </ClInclude>
    <ClInclude Include="..\Common\Include\Utility\LockFreeCircleQueue.h">
      <Filter>Utility</Filter>
    </ClInclude>
    <ClInclude Include="Include\Business\ServerControlCenter.h">
      <Filter>Business</Filter>
    </ClInclude>
    <ClInclude Include="Include\Business\Job.h">
      <Filter>Business</Filter>
    </ClInclude>
    <ClInclude Include="..\Common\Include\Utility\Debug.h">
      <Filter>Utility</Filter>
    </ClInclude>
    <ClInclude Include="Include\Business\LobbyServer.h">
      <Filter>Business</Filter>
    </ClInclude>
  </ItemGroup>
</Project>