<?xml version="1.0" encoding="utf-8"?>
<Project ToolsVersion="4.0" xmlns="http://schemas.microsoft.com/developer/msbuild/2003">
  <ItemGroup>
    <ClCompile Include="main.cpp" />
    <ClCompile Include="..\Common\Src\Network\BasicData.cpp">
      <Filter>Network</Filter>
    </ClCompile>
    <ClCompile Include="..\Common\Src\Network\NetworkManager.cpp">
      <Filter>Network</Filter>
    </ClCompile>
    <ClCompile Include="..\Common\Src\Utility\Debug.cpp">
      <Filter>Utility</Filter>
    </ClCompile>
    <ClCompile Include="Src\Hub.cpp">
      <Filter>Business</Filter>
    </ClCompile>
    <ClCompile Include="..\Common\Src\Protocol\ControlServerProtocol.cpp">
      <Filter>Protocol</Filter>
    </ClCompile>
    <ClCompile Include="Src\LobbyManager.cpp">
      <Filter>Business</Filter>
    </ClCompile>
  </ItemGroup>
  <ItemGroup>
    <Filter Include="Network">
      <UniqueIdentifier>{9055eba9-ca82-4e6a-b0c0-b3e866f536c4}</UniqueIdentifier>
    </Filter>
    <Filter Include="Utility">
      <UniqueIdentifier>{4d3852b6-f3ee-46d2-8487-d66d361286db}</UniqueIdentifier>
    </Filter>
    <Filter Include="Business">
      <UniqueIdentifier>{c6eb8eb8-9ae7-4f36-b6d6-3cd06e78655c}</UniqueIdentifier>
    </Filter>
    <Filter Include="Protocol">
      <UniqueIdentifier>{e5103e00-ae5a-458e-805b-52372789b74c}</UniqueIdentifier>
    </Filter>
  </ItemGroup>
  <ItemGroup>
    <ClInclude Include="..\Common\Include\Network\BasicData.h">
      <Filter>Network</Filter>
    </ClInclude>
    <ClInclude Include="..\Common\Include\Network\Networkmanager.h">
      <Filter>Network</Filter>
    </ClInclude>
    <ClInclude Include="..\Common\Include\Utility\LockFreeCircleQueue.h">
      <Filter>Utility</Filter>
    </ClInclude>
    <ClInclude Include="..\Common\Include\Utility\Debug.h">
      <Filter>Utility</Filter>
    </ClInclude>
    <ClInclude Include="..\Common\Include\Utility\ConfigCreator.h">
      <Filter>Utility</Filter>
    </ClInclude>
    <ClInclude Include="Include\Hub.h">
      <Filter>Business</Filter>
    </ClInclude>
    <ClInclude Include="..\Common\Include\Protocol\Job.h">
      <Filter>Protocol</Filter>
    </ClInclude>
    <ClInclude Include="..\Common\Include\Protocol\ControlServerProtocol.h">
      <Filter>Protocol</Filter>
    </ClInclude>
    <ClInclude Include="Include\LobbyManager.h">
      <Filter>Business</Filter>
    </ClInclude>
    <ClInclude Include="..\Common\Include\Protocol\SERVER_PROTOCOL_generated.h">
      <Filter>Protocol</Filter>
    </ClInclude>
  </ItemGroup>
</Project>